# @generated - this file is auto-generated by `mise lock` https://mise.en.dev/dev-tools/mise-lock.html

[[tools.atuin]]
version = "18.17.0"
backend = "aqua:atuinsh/atuin"

[tools.atuin."platforms.linux-arm64"]
checksum = "sha256:3b109e0fcca599dcf0adaf90500d5c68b4c8e70e4cbdd5e598a8308ee8efed72"
url = "https://github.com/atuinsh/atuin/releases/download/v18.17.0/atuin-aarch64-unknown-linux-musl.tar.gz"
url_api = "https://api.github.com/repos/atuinsh/atuin/releases/assets/470835430"
provenance = "github-attestations"

[tools.atuin."platforms.linux-arm64-musl"]
checksum = "sha256:3b109e0fcca599dcf0adaf90500d5c68b4c8e70e4cbdd5e598a8308ee8efed72"
url = "https://github.com/atuinsh/atuin/releases/download/v18.17.0/atuin-aarch64-unknown-linux-musl.tar.gz"
url_api = "https://api.github.com/repos/atuinsh/atuin/releases/assets/470835430"
provenance = "github-attestations"

[tools.atuin."platforms.linux-x64"]
checksum = "sha256:0ff7c20a6edaf00c9a20ab0bfa4db890a84a56630bb4adb8045be6a94e46e0fc"
url = "https://github.com/atuinsh/atuin/releases/download/v18.17.0/atuin-x86_64-unknown-linux-musl.tar.gz"
url_api = "https://api.github.com/repos/atuinsh/atuin/releases/assets/470835510"
provenance = "github-attestations"

[tools.atuin."platforms.linux-x64-musl"]
checksum = "sha256:0ff7c20a6edaf00c9a20ab0bfa4db890a84a56630bb4adb8045be6a94e46e0fc"
url = "https://github.com/atuinsh/atuin/releases/download/v18.17.0/atuin-x86_64-unknown-linux-musl.tar.gz"
url_api = "https://api.github.com/repos/atuinsh/atuin/releases/assets/470835510"
provenance = "github-attestations"

[tools.atuin."platforms.macos-arm64"]
checksum = "sha256:ae8a6f84557ee14f60ee50ad9430c78110acfa5c53dacad493b809c574a094b7"
url = "https://github.com/atuinsh/atuin/releases/download/v18.17.0/atuin-aarch64-apple-darwin.tar.gz"
url_api = "https://api.github.com/repos/atuinsh/atuin/releases/assets/470835425"
provenance = "github-attestations"

[tools.atuin."platforms.windows-x64"]
checksum = "sha256:10ca65c3bf0547e4b2570642168da6e92bc135005bdba0288c6da57b51f89ab1"
url = "https://github.com/atuinsh/atuin/releases/download/v18.17.0/atuin-x86_64-pc-windows-msvc.zip"
url_api = "https://api.github.com/repos/atuinsh/atuin/releases/assets/470835491"
provenance = "github-attestations"

[[tools.bat]]
version = "0.26.1"
backend = "aqua:sharkdp/bat"

[tools.bat."platforms.linux-arm64"]
checksum = "sha256:6369242c584065f195fb20cb36fbd7cb63ae690605bbe89868a7596b596c2c23"
url = "https://github.com/sharkdp/bat/releases/download/v0.26.1/bat-v0.26.1-aarch64-unknown-linux-musl.tar.gz"
url_api = "https://api.github.com/repos/sharkdp/bat/releases/assets/323548153"

[tools.bat."platforms.linux-arm64-musl"]
checksum = "sha256:6369242c584065f195fb20cb36fbd7cb63ae690605bbe89868a7596b596c2c23"
url = "https://github.com/sharkdp/bat/releases/download/v0.26.1/bat-v0.26.1-aarch64-unknown-linux-musl.tar.gz"
url_api = "https://api.github.com/repos/sharkdp/bat/releases/assets/323548153"

[tools.bat."platforms.linux-x64"]
checksum = "sha256:0dcd8ac79732c0d5b136f11f4ee00e581440e16a44eab5b3105b611bbf2cf191"
url = "https://github.com/sharkdp/bat/releases/download/v0.26.1/bat-v0.26.1-x86_64-unknown-linux-musl.tar.gz"
url_api = "https://api.github.com/repos/sharkdp/bat/releases/assets/323549429"

[tools.bat."platforms.linux-x64-musl"]
checksum = "sha256:0dcd8ac79732c0d5b136f11f4ee00e581440e16a44eab5b3105b611bbf2cf191"
url = "https://github.com/sharkdp/bat/releases/download/v0.26.1/bat-v0.26.1-x86_64-unknown-linux-musl.tar.gz"
url_api = "https://api.github.com/repos/sharkdp/bat/releases/assets/323549429"

[tools.bat."platforms.macos-arm64"]
checksum = "sha256:e30beff26779c9bf60bb541e1d79046250cb74378f2757f8eb250afddb19e114"
url = "https://github.com/sharkdp/bat/releases/download/v0.26.1/bat-v0.26.1-aarch64-apple-darwin.tar.gz"
url_api = "https://api.github.com/repos/sharkdp/bat/releases/assets/323548442"

[tools.bat."platforms.macos-x64"]
checksum = "sha256:830d63b0bba1fa040542ec569e3cf77f60d3356b9de75116a344b061e0894245"
url = "https://github.com/sharkdp/bat/releases/download/v0.26.1/bat-v0.26.1-x86_64-apple-darwin.tar.gz"
url_api = "https://api.github.com/repos/sharkdp/bat/releases/assets/323549786"

[tools.bat."platforms.windows-x64"]
checksum = "sha256:0f729b4b6f5f28d395c641eacc2e9ff68d0096b85aa0eec344aa62425144b69b"
url = "https://github.com/sharkdp/bat/releases/download/v0.26.1/bat-v0.26.1-x86_64-pc-windows-msvc.zip"
url_api = "https://api.github.com/repos/sharkdp/bat/releases/assets/323549116"

[[tools.chezmoi]]
version = "2.70.5"
backend = "aqua:twpayne/chezmoi"

[tools.chezmoi."platforms.linux-arm64"]
checksum = "sha256:4f4f31d0a10ed3b955e814a5ae20075426e27c9d3a09f536bfa4a6c8718353f2"
url = "https://github.com/twpayne/chezmoi/releases/download/v2.70.5/chezmoi_2.70.5_linux_arm64.tar.gz"

[tools.chezmoi."platforms.linux-arm64-musl"]
checksum = "sha256:4f4f31d0a10ed3b955e814a5ae20075426e27c9d3a09f536bfa4a6c8718353f2"
url = "https://github.com/twpayne/chezmoi/releases/download/v2.70.5/chezmoi_2.70.5_linux_arm64.tar.gz"

[tools.chezmoi."platforms.linux-x64"]
checksum = "sha256:6a76a0ac3718f0d45b34b4b57067f9556f8f6042e3da710a3c496838362aca14"
url = "https://github.com/twpayne/chezmoi/releases/download/v2.70.5/chezmoi_2.70.5_linux_amd64.tar.gz"

[tools.chezmoi."platforms.linux-x64-musl"]
checksum = "sha256:4892f688c759b88ab937f1d94e06177cdd405b48022f080b8659daed2f1c2506"
url = "https://github.com/twpayne/chezmoi/releases/download/v2.70.5/chezmoi_2.70.5_linux-musl_amd64.tar.gz"

[tools.chezmoi."platforms.macos-arm64"]
checksum = "sha256:c3531896769175089b9b2e9cf99b15a2357427f776289b66583a2432d69cd3cc"
url = "https://github.com/twpayne/chezmoi/releases/download/v2.70.5/chezmoi_2.70.5_darwin_arm64.tar.gz"

[tools.chezmoi."platforms.macos-x64"]
checksum = "sha256:6676e06f094e5b0860bd3642d203b71869b5cbeb8089155886bc54c1096b9d3c"
url = "https://github.com/twpayne/chezmoi/releases/download/v2.70.5/chezmoi_2.70.5_darwin_amd64.tar.gz"

[tools.chezmoi."platforms.windows-x64"]
checksum = "sha256:ebc29455dc9106e8d2d980708b45bd3120e44c7d5e6a06787ff307faaa0681a8"
url = "https://github.com/twpayne/chezmoi/releases/download/v2.70.5/chezmoi_2.70.5_windows_amd64.zip"

[[tools.gh]]
version = "2.96.0"
backend = "aqua:cli/cli"

[tools.gh."platforms.linux-arm64"]
checksum = "sha256:06f86ec7103d41993b76cd78072f43595c34aaa56506d971d9860e67140bf909"
url = "https://github.com/cli/cli/releases/download/v2.96.0/gh_2.96.0_linux_arm64.tar.gz"
url_api = "https://api.github.com/repos/cli/cli/releases/assets/464728549"
provenance = "github-attestations"

[tools.gh."platforms.linux-arm64-musl"]
checksum = "sha256:06f86ec7103d41993b76cd78072f43595c34aaa56506d971d9860e67140bf909"
url = "https://github.com/cli/cli/releases/download/v2.96.0/gh_2.96.0_linux_arm64.tar.gz"
url_api = "https://api.github.com/repos/cli/cli/releases/assets/464728549"
provenance = "github-attestations"

[tools.gh."platforms.linux-x64"]
checksum = "sha256:83d5c2ccad5498f58bf6368acb1ab32588cf43ab3a4b1c301bf36328b1c8bd60"
url = "https://github.com/cli/cli/releases/download/v2.96.0/gh_2.96.0_linux_amd64.tar.gz"
url_api = "https://api.github.com/repos/cli/cli/releases/assets/464728543"
provenance = "github-attestations"

[tools.gh."platforms.linux-x64-musl"]
checksum = "sha256:83d5c2ccad5498f58bf6368acb1ab32588cf43ab3a4b1c301bf36328b1c8bd60"
url = "https://github.com/cli/cli/releases/download/v2.96.0/gh_2.96.0_linux_amd64.tar.gz"
url_api = "https://api.github.com/repos/cli/cli/releases/assets/464728543"
provenance = "github-attestations"

[tools.gh."platforms.macos-arm64"]
checksum = "sha256:f23a0c37d963aacc3bed703ccbd59b41c5ca22101fab7f00eb2b7cad23aba463"
url = "https://github.com/cli/cli/releases/download/v2.96.0/gh_2.96.0_macOS_arm64.zip"
url_api = "https://api.github.com/repos/cli/cli/releases/assets/464728562"
provenance = "github-attestations"

[tools.gh."platforms.macos-x64"]
checksum = "sha256:4bd449df9ad639391bc62b8032546f0fe9edcd8526e06682a4f88abd8c5d163c"
url = "https://github.com/cli/cli/releases/download/v2.96.0/gh_2.96.0_macOS_amd64.zip"
url_api = "https://api.github.com/repos/cli/cli/releases/assets/464728560"
provenance = "github-attestations"

[tools.gh."platforms.windows-x64"]
checksum = "sha256:c2d6acc935cd2f00e2144d7e036d5cd82e6b6bd5594e8c75aa75ef2a4ed6aac3"
url = "https://github.com/cli/cli/releases/download/v2.96.0/gh_2.96.0_windows_amd64.zip"
url_api = "https://api.github.com/repos/cli/cli/releases/assets/464728577"
provenance = "github-attestations"

[[tools.git-lfs]]
version = "3.7.1"
backend = "aqua:git-lfs/git-lfs"

[tools.git-lfs."platforms.linux-arm64"]
checksum = "sha256:73a9c90eeb4312133a63c3eaee0c38c019ea7bfa0953d174809d25b18588dd8d"
url = "https://github.com/git-lfs/git-lfs/releases/download/v3.7.1/git-lfs-linux-arm64-v3.7.1.tar.gz"
url_api = "https://api.github.com/repos/git-lfs/git-lfs/releases/assets/305262644"

[tools.git-lfs."platforms.linux-arm64-musl"]
checksum = "sha256:73a9c90eeb4312133a63c3eaee0c38c019ea7bfa0953d174809d25b18588dd8d"
url = "https://github.com/git-lfs/git-lfs/releases/download/v3.7.1/git-lfs-linux-arm64-v3.7.1.tar.gz"
url_api = "https://api.github.com/repos/git-lfs/git-lfs/releases/assets/305262644"

[tools.git-lfs."platforms.linux-x64"]
checksum = "sha256:1c0b6ee5200ca708c5cebebb18fdeb0e1c98f1af5c1a9cba205a4c0ab5a5ec08"
url = "https://github.com/git-lfs/git-lfs/releases/download/v3.7.1/git-lfs-linux-amd64-v3.7.1.tar.gz"
url_api = "https://api.github.com/repos/git-lfs/git-lfs/releases/assets/305262626"

[tools.git-lfs."platforms.linux-x64-musl"]
checksum = "sha256:1c0b6ee5200ca708c5cebebb18fdeb0e1c98f1af5c1a9cba205a4c0ab5a5ec08"
url = "https://github.com/git-lfs/git-lfs/releases/download/v3.7.1/git-lfs-linux-amd64-v3.7.1.tar.gz"
url_api = "https://api.github.com/repos/git-lfs/git-lfs/releases/assets/305262626"

[tools.git-lfs."platforms.macos-arm64"]
checksum = "sha256:76260fb34f4ee622ff0a66b857e5954aa49c7e343a92e57a1ec4a760618c94b2"
url = "https://github.com/git-lfs/git-lfs/releases/download/v3.7.1/git-lfs-darwin-arm64-v3.7.1.zip"
url_api = "https://api.github.com/repos/git-lfs/git-lfs/releases/assets/305262593"

[tools.git-lfs."platforms.macos-x64"]
checksum = "sha256:b5b1b641c0648c83661fa9eda991cd3eff945264dabc2cdf411a80dfe7ec0970"
url = "https://github.com/git-lfs/git-lfs/releases/download/v3.7.1/git-lfs-darwin-amd64-v3.7.1.zip"
url_api = "https://api.github.com/repos/git-lfs/git-lfs/releases/assets/305262587"

[tools.git-lfs."platforms.windows-x64"]
checksum = "sha256:8683cdc3d6c029b49393dcebbaa6265bd6efd9abdcf837be855b4cd42e5e80b6"
url = "https://github.com/git-lfs/git-lfs/releases/download/v3.7.1/git-lfs-windows-amd64-v3.7.1.zip"
url_api = "https://api.github.com/repos/git-lfs/git-lfs/releases/assets/305262684"

[[tools.glab]]
version = "1.107.0"
backend = "gitlab:gitlab-org/cli"

[tools.glab."platforms.linux-arm64"]
checksum = "sha256:8356e442ed42ff6973cbe267dd7371c65f9b810b01e7d70bb557cd284e7b35ba"
url = "https://gitlab.com/gitlab-org/cli/-/releases/v1.107.0/downloads/glab_1.107.0_linux_arm64.tar.gz"
url_api = "https://gitlab.com/api/v4/projects/gitlab-org%2Fcli/packages/generic/glab/1%2E107%2E0/glab_1%2E107%2E0_linux_arm64%2Etar%2Egz"

[tools.glab."platforms.linux-arm64-musl"]
checksum = "sha256:8356e442ed42ff6973cbe267dd7371c65f9b810b01e7d70bb557cd284e7b35ba"
url = "https://gitlab.com/gitlab-org/cli/-/releases/v1.107.0/downloads/glab_1.107.0_linux_arm64.tar.gz"
url_api = "https://gitlab.com/api/v4/projects/gitlab-org%2Fcli/packages/generic/glab/1%2E107%2E0/glab_1%2E107%2E0_linux_arm64%2Etar%2Egz"

[tools.glab."platforms.linux-x64"]
checksum = "sha256:eb42f56eb1a789cf4f22aa5960ff0ef60cf1e7fc1295327501f9f59030d5ae2c"
url = "https://gitlab.com/gitlab-org/cli/-/releases/v1.107.0/downloads/glab_1.107.0_linux_amd64.tar.gz"
url_api = "https://gitlab.com/api/v4/projects/gitlab-org%2Fcli/packages/generic/glab/1%2E107%2E0/glab_1%2E107%2E0_linux_amd64%2Etar%2Egz"

[tools.glab."platforms.linux-x64-musl"]
checksum = "sha256:eb42f56eb1a789cf4f22aa5960ff0ef60cf1e7fc1295327501f9f59030d5ae2c"
url = "https://gitlab.com/gitlab-org/cli/-/releases/v1.107.0/downloads/glab_1.107.0_linux_amd64.tar.gz"
url_api = "https://gitlab.com/api/v4/projects/gitlab-org%2Fcli/packages/generic/glab/1%2E107%2E0/glab_1%2E107%2E0_linux_amd64%2Etar%2Egz"

[tools.glab."platforms.macos-arm64"]
checksum = "sha256:698ed673d00d8d337004efa41cf27fcd2131f0f7b83d7c7ae99e6b122ba11854"
url = "https://gitlab.com/gitlab-org/cli/-/releases/v1.107.0/downloads/glab_1.107.0_darwin_arm64.tar.gz"
url_api = "https://gitlab.com/api/v4/projects/gitlab-org%2Fcli/packages/generic/glab/1%2E107%2E0/glab_1%2E107%2E0_darwin_arm64%2Etar%2Egz"

[tools.glab."platforms.macos-x64"]
checksum = "sha256:e26e06c5cd8a929bc88f99cddbdab347d1c8dce36d899dbb8d133520362eefca"
url = "https://gitlab.com/gitlab-org/cli/-/releases/v1.107.0/downloads/glab_1.107.0_darwin_amd64.tar.gz"
url_api = "https://gitlab.com/api/v4/projects/gitlab-org%2Fcli/packages/generic/glab/1%2E107%2E0/glab_1%2E107%2E0_darwin_amd64%2Etar%2Egz"

[tools.glab."platforms.windows-x64"]
checksum = "sha256:b9b916d6b48961247e20f991976fb59cd0a99b4c9eaf2bafed59a1ce6dcba93d"
url = "https://gitlab.com/gitlab-org/cli/-/releases/v1.107.0/downloads/glab_1.107.0_windows_amd64.zip"
url_api = "https://gitlab.com/api/v4/projects/gitlab-org%2Fcli/packages/generic/glab/1%2E107%2E0/glab_1%2E107%2E0_windows_amd64%2Ezip"

[[tools.go]]
version = "1.26.5"
backend = "core:go"

[tools.go."platforms.linux-arm64"]
checksum = "sha256:fe4789e92b1f33358680864bbe8704289e7bb5fc207d80623c308935bd696d49"
url = "https://dl.google.com/go/go1.26.5.linux-arm64.tar.gz"

[tools.go."platforms.linux-arm64-musl"]
checksum = "sha256:fe4789e92b1f33358680864bbe8704289e7bb5fc207d80623c308935bd696d49"
url = "https://dl.google.com/go/go1.26.5.linux-arm64.tar.gz"

[tools.go."platforms.linux-x64"]
checksum = "sha256:5c2c3b16caefa1d968a94c1daca04a7ca301a496d9b086e17ad77bb81393f053"
url = "https://dl.google.com/go/go1.26.5.linux-amd64.tar.gz"

[tools.go."platforms.linux-x64-musl"]
checksum = "sha256:5c2c3b16caefa1d968a94c1daca04a7ca301a496d9b086e17ad77bb81393f053"
url = "https://dl.google.com/go/go1.26.5.linux-amd64.tar.gz"

[tools.go."platforms.macos-arm64"]
checksum = "sha256:efb87ff28af9a188d0536ef5d42e63dd52ba8263cd7344a993cc48dd11dedb6a"
url = "https://dl.google.com/go/go1.26.5.darwin-arm64.tar.gz"

[tools.go."platforms.macos-x64"]
checksum = "sha256:6231d8d3b8f5552ec6cbf6d685bdd5482e1e703214b120e89b3bf0d7bf1ef725"
url = "https://dl.google.com/go/go1.26.5.darwin-amd64.tar.gz"

[tools.go."platforms.windows-x64"]
checksum = "sha256:97e6b2a833b6d89f9ff17d25419ac0a7e3b482a044e9ab18cdef834bd834fd38"
url = "https://dl.google.com/go/go1.26.5.windows-amd64.zip"

[[tools."go:github.com/jeffreyc/tag"]]
version = "0.0.0-20260531174622-d32046d986f8"
backend = "go:github.com/jeffreyc/tag"

[[tools.golangci-lint]]
version = "2.12.2"
backend = "aqua:golangci/golangci-lint"

[tools.golangci-lint."platforms.linux-arm64"]
checksum = "sha256:44cd40a8c76c86755375adfeea52cfd3533cb43d7bd647771e0ae065e166df3a"
url = "https://github.com/golangci/golangci-lint/releases/download/v2.12.2/golangci-lint-2.12.2-linux-arm64.tar.gz"
provenance = "github-attestations"

[tools.golangci-lint."platforms.linux-arm64-musl"]
checksum = "sha256:44cd40a8c76c86755375adfeea52cfd3533cb43d7bd647771e0ae065e166df3a"
url = "https://github.com/golangci/golangci-lint/releases/download/v2.12.2/golangci-lint-2.12.2-linux-arm64.tar.gz"
provenance = "github-attestations"

[tools.golangci-lint."platforms.linux-x64"]
checksum = "sha256:8df580d2670fed8fa984aac0507099af8df275e665215f5c7a2ae3943893a553"
url = "https://github.com/golangci/golangci-lint/releases/download/v2.12.2/golangci-lint-2.12.2-linux-amd64.tar.gz"
provenance = "github-attestations"

[tools.golangci-lint."platforms.linux-x64-musl"]
checksum = "sha256:8df580d2670fed8fa984aac0507099af8df275e665215f5c7a2ae3943893a553"
url = "https://github.com/golangci/golangci-lint/releases/download/v2.12.2/golangci-lint-2.12.2-linux-amd64.tar.gz"
provenance = "github-attestations"

[tools.golangci-lint."platforms.macos-arm64"]
checksum = "sha256:a9c54498731b3128f79e090be6110f3e5fffccc617b08142ed244d4126c73f29"
url = "https://github.com/golangci/golangci-lint/releases/download/v2.12.2/golangci-lint-2.12.2-darwin-arm64.tar.gz"
provenance = "github-attestations"

[tools.golangci-lint."platforms.macos-x64"]
checksum = "sha256:f6f06d94b6241521c53d15450c5209b028270bf966f842afb11c030c79f5bc16"
url = "https://github.com/golangci/golangci-lint/releases/download/v2.12.2/golangci-lint-2.12.2-darwin-amd64.tar.gz"
provenance = "github-attestations"

[tools.golangci-lint."platforms.windows-x64"]
checksum = "sha256:bd42e3ebc8cb4ececb86941983baaf1dc221bbb04d838e94ce63b49cc91e02bb"
url = "https://github.com/golangci/golangci-lint/releases/download/v2.12.2/golangci-lint-2.12.2-windows-amd64.zip"
provenance = "github-attestations"

[[tools.jq]]
version = "1.8.2"
backend = "aqua:jqlang/jq"

[tools.jq."platforms.linux-arm64"]
checksum = "sha256:8b85c817833814ddca00a144c33705546355afccf0cf39b188f3cdb48b852309"
url = "https://github.com/jqlang/jq/releases/download/jq-1.8.2/jq-linux-arm64"
provenance = "github-attestations"

[tools.jq."platforms.linux-arm64-musl"]
checksum = "sha256:8b85c817833814ddca00a144c33705546355afccf0cf39b188f3cdb48b852309"
url = "https://github.com/jqlang/jq/releases/download/jq-1.8.2/jq-linux-arm64"
provenance = "github-attestations"

[tools.jq."platforms.linux-x64"]
checksum = "sha256:b1c22172dd303f3be49e935aa56aa48a8b7a46e0bc838b4997d3bb451495870f"
url = "https://github.com/jqlang/jq/releases/download/jq-1.8.2/jq-linux-amd64"
provenance = "github-attestations"

[tools.jq."platforms.linux-x64-musl"]
checksum = "sha256:b1c22172dd303f3be49e935aa56aa48a8b7a46e0bc838b4997d3bb451495870f"
url = "https://github.com/jqlang/jq/releases/download/jq-1.8.2/jq-linux-amd64"
provenance = "github-attestations"

[tools.jq."platforms.macos-arm64"]
checksum = "sha256:2d75340ba57a4b4b4c8708a21c2dc8e958a48aaa8bba13b27f77f6e4c0eca07e"
url = "https://github.com/jqlang/jq/releases/download/jq-1.8.2/jq-macos-arm64"
provenance = "github-attestations"

[tools.jq."platforms.macos-x64"]
checksum = "sha256:e94b266e3c26690550006abe63152b782280f4e14374accdf04cbde844f00bc0"
url = "https://github.com/jqlang/jq/releases/download/jq-1.8.2/jq-macos-amd64"
provenance = "github-attestations"

[tools.jq."platforms.windows-x64"]
checksum = "sha256:a6fc67fedaf9128a3309a1e2ebb8b986aeccf70122ee46d2cb4849e423f0c627"
url = "https://github.com/jqlang/jq/releases/download/jq-1.8.2/jq-windows-amd64.exe"
provenance = "github-attestations"

[[tools.neovim]]
version = "0.12.4"
backend = "vfox:mise-plugins/vfox-neovim"

[tools.neovim."platforms.linux-arm64"]
url = "https://github.com/neovim/neovim/releases/download/v0.12.4/nvim-linux-arm64.tar.gz"

[tools.neovim."platforms.linux-arm64-musl"]
url = "https://github.com/neovim/neovim/releases/download/v0.12.4/nvim-linux-arm64.tar.gz"

[tools.neovim."platforms.linux-x64"]
url = "https://github.com/neovim/neovim/releases/download/v0.12.4/nvim-linux-x86_64.tar.gz"

[tools.neovim."platforms.linux-x64-musl"]
url = "https://github.com/neovim/neovim/releases/download/v0.12.4/nvim-linux-x86_64.tar.gz"

[tools.neovim."platforms.macos-arm64"]
url = "https://github.com/neovim/neovim/releases/download/v0.12.4/nvim-macos-arm64.tar.gz"

[tools.neovim."platforms.macos-x64"]
url = "https://github.com/neovim/neovim/releases/download/v0.12.4/nvim-macos-x86_64.tar.gz"

[tools.neovim."platforms.windows-x64"]
url = "https://github.com/neovim/neovim/releases/download/v0.12.4/nvim-win64.zip"

[[tools.node]]
version = "24.18.0"
backend = "core:node"

[tools.node."platforms.linux-arm64"]
checksum = "sha256:6b4484c2190274175df9aa8f28e2d758a819cb1c1fe6ab481e2f95b463ab8508"
url = "https://nodejs.org/dist/v24.18.0/node-v24.18.0-linux-arm64.tar.gz"

[tools.node."platforms.linux-arm64-musl"]
checksum = "sha256:b1c6c2dc31b46dd8fb2322f4fe75b07e775c5120bc37251deeea28f529d4567b"
url = "https://unofficial-builds.nodejs.org/download/release/v24.18.0/node-v24.18.0-linux-arm64-musl.tar.gz"

[tools.node."platforms.linux-x64"]
checksum = "sha256:783130984963db7ba9cbd01089eaf2c2efb055c7c1693c943174b967b3050cb8"
url = "https://nodejs.org/dist/v24.18.0/node-v24.18.0-linux-x64.tar.gz"

[tools.node."platforms.linux-x64-musl"]
checksum = "sha256:ea58409911e141ec6b19d9178efa2d9185a13295005b1cbf5521b3157eed1d95"
url = "https://unofficial-builds.nodejs.org/download/release/v24.18.0/node-v24.18.0-linux-x64-musl.tar.gz"

[tools.node."platforms.macos-arm64"]
checksum = "sha256:e1a97e14c99c803e96c7339403282ea05a499c32f8d83defe9ef5ec66f979ed1"
url = "https://nodejs.org/dist/v24.18.0/node-v24.18.0-darwin-arm64.tar.gz"

[tools.node."platforms.macos-x64"]
checksum = "sha256:dfd0dbd3e721503434df7b7205e719f61b3a3a31b2bcf9729b8b91fea240f080"
url = "https://nodejs.org/dist/v24.18.0/node-v24.18.0-darwin-x64.tar.gz"

[tools.node."platforms.windows-x64"]
checksum = "sha256:0ae68406b42d7725661da979b1403ec9926da205c6770827f33aac9d8f26e821"
url = "https://nodejs.org/dist/v24.18.0/node-v24.18.0-win-x64.zip"

[[tools."npm:ccusage"]]
version = "20.0.17"
backend = "npm:ccusage"

[[tools.opentofu]]
version = "1.12.4"
backend = "aqua:opentofu/opentofu"

[tools.opentofu."platforms.linux-arm64"]
checksum = "sha256:dc7bfcd93ce9795a86c58fbf71efd013c39dcd1febb13c9cd3555c43b9c2403a"
url = "https://github.com/opentofu/opentofu/releases/download/v1.12.4/tofu_1.12.4_linux_arm64.tar.gz"
url_api = "https://api.github.com/repos/opentofu/opentofu/releases/assets/475646678"

[tools.opentofu."platforms.linux-arm64-musl"]
checksum = "sha256:dc7bfcd93ce9795a86c58fbf71efd013c39dcd1febb13c9cd3555c43b9c2403a"
url = "https://github.com/opentofu/opentofu/releases/download/v1.12.4/tofu_1.12.4_linux_arm64.tar.gz"
url_api = "https://api.github.com/repos/opentofu/opentofu/releases/assets/475646678"

[tools.opentofu."platforms.linux-x64"]
checksum = "sha256:81836d0f12b4fe9013b85586349f993def9429b6383bb77cdd6c2f3a9d9aac24"
url = "https://github.com/opentofu/opentofu/releases/download/v1.12.4/tofu_1.12.4_linux_amd64.tar.gz"
url_api = "https://api.github.com/repos/opentofu/opentofu/releases/assets/475646677"

[tools.opentofu."platforms.linux-x64-musl"]
checksum = "sha256:81836d0f12b4fe9013b85586349f993def9429b6383bb77cdd6c2f3a9d9aac24"
url = "https://github.com/opentofu/opentofu/releases/download/v1.12.4/tofu_1.12.4_linux_amd64.tar.gz"
url_api = "https://api.github.com/repos/opentofu/opentofu/releases/assets/475646677"

[tools.opentofu."platforms.macos-arm64"]
checksum = "sha256:7c06e4390d9ccd467773e37ff1c3d833c7ca0c24742cd9e9ad47284bea472247"
url = "https://github.com/opentofu/opentofu/releases/download/v1.12.4/tofu_1.12.4_darwin_arm64.tar.gz"
url_api = "https://api.github.com/repos/opentofu/opentofu/releases/assets/475646544"

[tools.opentofu."platforms.macos-x64"]
checksum = "sha256:ead1d2ce643addb4ffeb93240b9377ae1c2fd793a6bd22d65922ac37adfdf546"
url = "https://github.com/opentofu/opentofu/releases/download/v1.12.4/tofu_1.12.4_darwin_amd64.tar.gz"
url_api = "https://api.github.com/repos/opentofu/opentofu/releases/assets/475646688"

[tools.opentofu."platforms.windows-x64"]
checksum = "sha256:a4d86a07755c8d151f20f945e6cfb5b40deeed942af36a9bd385c5c2e965d5dd"
url = "https://github.com/opentofu/opentofu/releases/download/v1.12.4/tofu_1.12.4_windows_amd64.tar.gz"
url_api = "https://api.github.com/repos/opentofu/opentofu/releases/assets/475646543"

[[tools.pnpm]]
version = "11.13.0"
backend = "aqua:pnpm/pnpm"

[tools.pnpm."platforms.linux-arm64"]
checksum = "sha256:73582350f34afc329b55681d328ce5d04dbb0ccea9152c38aaf3929dcf3d987b"
url = "https://github.com/pnpm/pnpm/releases/download/v11.13.0/pnpm-linux-arm64.tar.gz"
url_api = "https://api.github.com/repos/pnpm/pnpm/releases/assets/475928564"
provenance = "github-attestations"

[tools.pnpm."platforms.linux-arm64-musl"]
checksum = "sha256:52e830bedd7744c85c23e4206cb9088195dea73d0fb1df55abcf470b588582a9"
url = "https://github.com/pnpm/pnpm/releases/download/v11.13.0/pnpm-linux-arm64-musl.tar.gz"
url_api = "https://api.github.com/repos/pnpm/pnpm/releases/assets/475928563"
provenance = "github-attestations"

[tools.pnpm."platforms.linux-x64"]
checksum = "sha256:2c15f7b6ab256642f4d01687a2b01e07714d835d05d29ba045bdbde59b17bb4f"
url = "https://github.com/pnpm/pnpm/releases/download/v11.13.0/pnpm-linux-x64.tar.gz"
url_api = "https://api.github.com/repos/pnpm/pnpm/releases/assets/475928558"
provenance = "github-attestations"

[tools.pnpm."platforms.linux-x64-musl"]
checksum = "sha256:92d4b3e7d8d4a9213d440e3610dd3748e537105f60944e529b22ccbbd398e957"
url = "https://github.com/pnpm/pnpm/releases/download/v11.13.0/pnpm-linux-x64-musl.tar.gz"
url_api = "https://api.github.com/repos/pnpm/pnpm/releases/assets/475928559"
provenance = "github-attestations"

[tools.pnpm."platforms.macos-arm64"]
checksum = "sha256:01af2f0e57108a4f82193a14618c57104c1426137ce62b95e0199852a542880f"
url = "https://github.com/pnpm/pnpm/releases/download/v11.13.0/pnpm-darwin-arm64.tar.gz"
url_api = "https://api.github.com/repos/pnpm/pnpm/releases/assets/475928565"
provenance = "github-attestations"

[tools.pnpm."platforms.windows-x64"]
checksum = "sha256:9cc0e38046bc2867b7e92ddc2345fc7a5347531b402fabbacf84d541ac094234"
url = "https://github.com/pnpm/pnpm/releases/download/v11.13.0/pnpm-win32-x64.zip"
url_api = "https://api.github.com/repos/pnpm/pnpm/releases/assets/475928561"
provenance = "github-attestations"

[[tools.python]]
version = "3.14.6"
backend = "core:python"

[tools.python."platforms.linux-arm64"]
checksum = "sha256:9124d5c41739d78a446f1f29c1953bf41071abcbf18e6daec201a27608648195"
url = "https://github.com/astral-sh/python-build-standalone/releases/download/20260610/cpython-3.14.6+20260610-aarch64-unknown-linux-gnu-install_only_stripped.tar.gz"
provenance = "github-attestations"

[tools.python."platforms.linux-arm64-musl"]
checksum = "sha256:5c75bea22f425ebc94912c618518a5aa4753eedeea6b5da5939f027d3a9c0fec"
url = "https://github.com/astral-sh/python-build-standalone/releases/download/20260610/cpython-3.14.6+20260610-aarch64-unknown-linux-musl-install_only_stripped.tar.gz"
provenance = "github-attestations"

[tools.python."platforms.linux-x64"]
checksum = "sha256:0881fbde2c78605720fb2e240d1a6df38652a896e40a5fce2e10908dbee5f5b7"
url = "https://github.com/astral-sh/python-build-standalone/releases/download/20260610/cpython-3.14.6+20260610-x86_64-unknown-linux-gnu-install_only_stripped.tar.gz"
provenance = "github-attestations"

[tools.python."platforms.linux-x64-musl"]
checksum = "sha256:54eca143d09ed3c596ecad5e3bfcb7724387818f8f984f44f3d8c0e9f36681d3"
url = "https://github.com/astral-sh/python-build-standalone/releases/download/20260610/cpython-3.14.6+20260610-x86_64-unknown-linux-musl-install_only_stripped.tar.gz"
provenance = "github-attestations"

[tools.python."platforms.macos-arm64"]
checksum = "sha256:875516e13be36296f8f7dd0972b22ba3bed069ed08d27d5f0069caf227522921"
url = "https://github.com/astral-sh/python-build-standalone/releases/download/20260610/cpython-3.14.6+20260610-aarch64-apple-darwin-install_only_stripped.tar.gz"
provenance = "github-attestations"

[tools.python."platforms.macos-x64"]
checksum = "sha256:6f85cbb2a0fef4b90fc63aadcfe383c22db5eb7933066ca6ea384828a6b3f2d2"
url = "https://github.com/astral-sh/python-build-standalone/releases/download/20260610/cpython-3.14.6+20260610-x86_64-apple-darwin-install_only_stripped.tar.gz"
provenance = "github-attestations"

[tools.python."platforms.windows-x64"]
checksum = "sha256:49f0c7e8d1c2eaba70c5516ca6c01b6b766f6ff473f1209a76fd01783e7c75ae"
url = "https://github.com/astral-sh/python-build-standalone/releases/download/20260610/cpython-3.14.6+20260610-x86_64-pc-windows-msvc-install_only_stripped.tar.gz"
provenance = "github-attestations"

[[tools.ripgrep]]
version = "15.1.0"
backend = "aqua:BurntSushi/ripgrep"

[tools.ripgrep."platforms.linux-arm64"]
checksum = "sha256:2b661c6ef508e902f388e9098d9c4c5aca72c87b55922d94abdba830b4dc885e"
url = "https://github.com/BurntSushi/ripgrep/releases/download/15.1.0/ripgrep-15.1.0-aarch64-unknown-linux-gnu.tar.gz"
url_api = "https://api.github.com/repos/BurntSushi/ripgrep/releases/assets/307306472"

[tools.ripgrep."platforms.linux-x64"]
checksum = "sha256:1c9297be4a084eea7ecaedf93eb03d058d6faae29bbc57ecdaf5063921491599"
url = "https://github.com/BurntSushi/ripgrep/releases/download/15.1.0/ripgrep-15.1.0-x86_64-unknown-linux-musl.tar.gz"
url_api = "https://api.github.com/repos/BurntSushi/ripgrep/releases/assets/307306614"

[tools.ripgrep."platforms.linux-x64-musl"]
checksum = "sha256:1c9297be4a084eea7ecaedf93eb03d058d6faae29bbc57ecdaf5063921491599"
url = "https://github.com/BurntSushi/ripgrep/releases/download/15.1.0/ripgrep-15.1.0-x86_64-unknown-linux-musl.tar.gz"
url_api = "https://api.github.com/repos/BurntSushi/ripgrep/releases/assets/307306614"

[tools.ripgrep."platforms.macos-arm64"]
checksum = "sha256:378e973289176ca0c6054054ee7f631a065874a352bf43f0fa60ef079b6ba715"
url = "https://github.com/BurntSushi/ripgrep/releases/download/15.1.0/ripgrep-15.1.0-aarch64-apple-darwin.tar.gz"
url_api = "https://api.github.com/repos/BurntSushi/ripgrep/releases/assets/307305438"

[tools.ripgrep."platforms.macos-x64"]
checksum = "sha256:64811cb24e77cac3057d6c40b63ac9becf9082eedd54ca411b475b755d334882"
url = "https://github.com/BurntSushi/ripgrep/releases/download/15.1.0/ripgrep-15.1.0-x86_64-apple-darwin.tar.gz"
url_api = "https://api.github.com/repos/BurntSushi/ripgrep/releases/assets/307305422"

[tools.ripgrep."platforms.windows-x64"]
checksum = "sha256:124510b94b6baa3380d051fdf4650eaa80a302c876d611e9dba0b2e18d87493a"
url = "https://github.com/BurntSushi/ripgrep/releases/download/15.1.0/ripgrep-15.1.0-x86_64-pc-windows-msvc.zip"
url_api = "https://api.github.com/repos/BurntSushi/ripgrep/releases/assets/307305871"

[[tools.ruff]]
version = "0.15.21"
backend = "aqua:astral-sh/ruff"

[tools.ruff."platforms.linux-arm64"]
checksum = "sha256:2ec7c0077431f96f74c3c72aea6505e902bc2ff47127653c8de1389ee30a3cb3"
url = "https://github.com/astral-sh/ruff/releases/download/0.15.21/ruff-aarch64-unknown-linux-musl.tar.gz"
url_api = "https://api.github.com/repos/astral-sh/ruff/releases/assets/471700003"
provenance = "github-attestations"

[tools.ruff."platforms.linux-arm64-musl"]
checksum = "sha256:2ec7c0077431f96f74c3c72aea6505e902bc2ff47127653c8de1389ee30a3cb3"
url = "https://github.com/astral-sh/ruff/releases/download/0.15.21/ruff-aarch64-unknown-linux-musl.tar.gz"
url_api = "https://api.github.com/repos/astral-sh/ruff/releases/assets/471700003"
provenance = "github-attestations"

[tools.ruff."platforms.linux-x64"]
checksum = "sha256:7e157ff9a2e13676118c587e6db0ec02d040e415b21014346d230e64789c0e78"
url = "https://github.com/astral-sh/ruff/releases/download/0.15.21/ruff-x86_64-unknown-linux-musl.tar.gz"
url_api = "https://api.github.com/repos/astral-sh/ruff/releases/assets/471700081"
provenance = "github-attestations"

[tools.ruff."platforms.linux-x64-musl"]
checksum = "sha256:7e157ff9a2e13676118c587e6db0ec02d040e415b21014346d230e64789c0e78"
url = "https://github.com/astral-sh/ruff/releases/download/0.15.21/ruff-x86_64-unknown-linux-musl.tar.gz"
url_api = "https://api.github.com/repos/astral-sh/ruff/releases/assets/471700081"
provenance = "github-attestations"

[tools.ruff."platforms.macos-arm64"]
checksum = "sha256:0452f9d5da6e8051d332cf21ae82a608d8e2cfeec5a71a46ffa9e50adbb2381d"
url = "https://github.com/astral-sh/ruff/releases/download/0.15.21/ruff-aarch64-apple-darwin.tar.gz"
url_api = "https://api.github.com/repos/astral-sh/ruff/releases/assets/471699864"
provenance = "github-attestations"

[tools.ruff."platforms.macos-x64"]
checksum = "sha256:7e6ff3bd585b5b7c47634c957ac84fb5806d3c7ab4ef0e5ec1c53ce272f489da"
url = "https://github.com/astral-sh/ruff/releases/download/0.15.21/ruff-x86_64-apple-darwin.tar.gz"
url_api = "https://api.github.com/repos/astral-sh/ruff/releases/assets/471700061"
provenance = "github-attestations"

[tools.ruff."platforms.windows-x64"]
checksum = "sha256:035c59abfd7bd1102e0b656f5771e6ae7a712a45ef54b5ab575541c7ff7d1eb0"
url = "https://github.com/astral-sh/ruff/releases/download/0.15.21/ruff-x86_64-pc-windows-msvc.zip"
url_api = "https://api.github.com/repos/astral-sh/ruff/releases/assets/471700068"
provenance = "github-attestations"

[[tools.tmux]]
version = "3.7b"
backend = "aqua:tmux/tmux-builds"

[tools.tmux."platforms.linux-arm64"]
checksum = "sha256:b2955782695283fbc3682a2f77d65616f53b986ee3cf3d80618d3b1cb95b91a6"
url = "https://github.com/tmux/tmux-builds/releases/download/v3.7b/tmux-3.7b-linux-arm64.tar.gz"
url_api = "https://api.github.com/repos/tmux/tmux-builds/releases/assets/465072868"

[tools.tmux."platforms.linux-arm64-musl"]
checksum = "sha256:b2955782695283fbc3682a2f77d65616f53b986ee3cf3d80618d3b1cb95b91a6"
url = "https://github.com/tmux/tmux-builds/releases/download/v3.7b/tmux-3.7b-linux-arm64.tar.gz"
url_api = "https://api.github.com/repos/tmux/tmux-builds/releases/assets/465072868"

[tools.tmux."platforms.linux-x64"]
checksum = "sha256:f85e6c1c412750a774eb3f370f33bad05fc726fb8b6a0b174ad6f0b6d954df58"
url = "https://github.com/tmux/tmux-builds/releases/download/v3.7b/tmux-3.7b-linux-x86_64.tar.gz"
url_api = "https://api.github.com/repos/tmux/tmux-builds/releases/assets/465072866"

[tools.tmux."platforms.linux-x64-musl"]
checksum = "sha256:f85e6c1c412750a774eb3f370f33bad05fc726fb8b6a0b174ad6f0b6d954df58"
url = "https://github.com/tmux/tmux-builds/releases/download/v3.7b/tmux-3.7b-linux-x86_64.tar.gz"
url_api = "https://api.github.com/repos/tmux/tmux-builds/releases/assets/465072866"

[tools.tmux."platforms.macos-arm64"]
checksum = "sha256:ee66dbcd49613eb41dc6b2f3abc5cd39d9135d67b7dfef1fdb180a3dbdc01f1e"
url = "https://github.com/tmux/tmux-builds/releases/download/v3.7b/tmux-3.7b-macos-arm64.tar.gz"
url_api = "https://api.github.com/repos/tmux/tmux-builds/releases/assets/465072864"

[tools.tmux."platforms.macos-x64"]
checksum = "sha256:ea90f0d8e8998cf5a3a5921e985685844a13a7c3b5779f36870bd98b7f147fe6"
url = "https://github.com/tmux/tmux-builds/releases/download/v3.7b/tmux-3.7b-macos-x86_64.tar.gz"
url_api = "https://api.github.com/repos/tmux/tmux-builds/releases/assets/465072865"

[[tools.tree-sitter]]
version = "0.26.11"
backend = "aqua:tree-sitter/tree-sitter"

[tools.tree-sitter."platforms.linux-arm64"]
checksum = "sha256:e47dd59bf2f21ad7c15771546a724464ee3c008a60fbb61c6860bd19a44b3060"
url = "https://github.com/tree-sitter/tree-sitter/releases/download/v0.26.11/tree-sitter-linux-arm64.gz"
url_api = "https://api.github.com/repos/tree-sitter/tree-sitter/releases/assets/474306993"
provenance = "github-attestations"

[tools.tree-sitter."platforms.linux-arm64-musl"]
checksum = "sha256:e47dd59bf2f21ad7c15771546a724464ee3c008a60fbb61c6860bd19a44b3060"
url = "https://github.com/tree-sitter/tree-sitter/releases/download/v0.26.11/tree-sitter-linux-arm64.gz"
url_api = "https://api.github.com/repos/tree-sitter/tree-sitter/releases/assets/474306993"
provenance = "github-attestations"

[tools.tree-sitter."platforms.linux-x64"]
checksum = "sha256:8dac3c89bb632eece700ea7a261ad963b251f2228c4aef3b58458ebea8dbe4eb"
url = "https://github.com/tree-sitter/tree-sitter/releases/download/v0.26.11/tree-sitter-linux-x64.gz"
url_api = "https://api.github.com/repos/tree-sitter/tree-sitter/releases/assets/474306995"
provenance = "github-attestations"

[tools.tree-sitter."platforms.linux-x64-musl"]
checksum = "sha256:8dac3c89bb632eece700ea7a261ad963b251f2228c4aef3b58458ebea8dbe4eb"
url = "https://github.com/tree-sitter/tree-sitter/releases/download/v0.26.11/tree-sitter-linux-x64.gz"
url_api = "https://api.github.com/repos/tree-sitter/tree-sitter/releases/assets/474306995"
provenance = "github-attestations"

[tools.tree-sitter."platforms.macos-arm64"]
checksum = "sha256:0bb646b2a29007233bd44855f00d0b8e238084d5b442f097d841b476318c2c90"
url = "https://github.com/tree-sitter/tree-sitter/releases/download/v0.26.11/tree-sitter-macos-arm64.gz"
url_api = "https://api.github.com/repos/tree-sitter/tree-sitter/releases/assets/474307011"
provenance = "github-attestations"

[tools.tree-sitter."platforms.macos-x64"]
checksum = "sha256:0da547d2622ba1583e4c748bb44db5b79af56462da41acf377b9fdc2eb2cd49f"
url = "https://github.com/tree-sitter/tree-sitter/releases/download/v0.26.11/tree-sitter-macos-x64.gz"
url_api = "https://api.github.com/repos/tree-sitter/tree-sitter/releases/assets/474307010"
provenance = "github-attestations"

[tools.tree-sitter."platforms.windows-x64"]
checksum = "sha256:9d836a8c405ed50cea6b3410905576de3bff2b42ca12edc1e825ec86fe918a5f"
url = "https://github.com/tree-sitter/tree-sitter/releases/download/v0.26.11/tree-sitter-windows-x64.gz"
url_api = "https://api.github.com/repos/tree-sitter/tree-sitter/releases/assets/474307013"
provenance = "github-attestations"

[[tools.ty]]
version = "0.0.59"
backend = "aqua:astral-sh/ty"

[tools.ty."platforms.linux-arm64"]
checksum = "sha256:8d92f98a3a1f8a799419b78ca645f64ede26b4ada3406b9d18cc6c3d56e58fd2"
url = "https://github.com/astral-sh/ty/releases/download/0.0.59/ty-aarch64-unknown-linux-musl.tar.gz"
url_api = "https://api.github.com/repos/astral-sh/ty/releases/assets/474698954"
provenance = "github-attestations"

[tools.ty."platforms.linux-arm64-musl"]
checksum = "sha256:8d92f98a3a1f8a799419b78ca645f64ede26b4ada3406b9d18cc6c3d56e58fd2"
url = "https://github.com/astral-sh/ty/releases/download/0.0.59/ty-aarch64-unknown-linux-musl.tar.gz"
url_api = "https://api.github.com/repos/astral-sh/ty/releases/assets/474698954"
provenance = "github-attestations"

[tools.ty."platforms.linux-x64"]
checksum = "sha256:6038c362f4ad340741a5b1ebb5ffa9d227983b145c2c7f8baf98fe1cab3acfc5"
url = "https://github.com/astral-sh/ty/releases/download/0.0.59/ty-x86_64-unknown-linux-musl.tar.gz"
url_api = "https://api.github.com/repos/astral-sh/ty/releases/assets/474699013"
provenance = "github-attestations"

[tools.ty."platforms.linux-x64-musl"]
checksum = "sha256:6038c362f4ad340741a5b1ebb5ffa9d227983b145c2c7f8baf98fe1cab3acfc5"
url = "https://github.com/astral-sh/ty/releases/download/0.0.59/ty-x86_64-unknown-linux-musl.tar.gz"
url_api = "https://api.github.com/repos/astral-sh/ty/releases/assets/474699013"
provenance = "github-attestations"

[tools.ty."platforms.macos-arm64"]
checksum = "sha256:920497d7bf09f1bebbeccbe3ddec0dc00485e7c0bbd9fd4839dced77aafbcc71"
url = "https://github.com/astral-sh/ty/releases/download/0.0.59/ty-aarch64-apple-darwin.tar.gz"
url_api = "https://api.github.com/repos/astral-sh/ty/releases/assets/474698925"
provenance = "github-attestations"

[tools.ty."platforms.macos-x64"]
checksum = "sha256:3010df34b67ee1f061baf6e339bfa08ca8bd6b141020ab67606ef7835b3d5d46"
url = "https://github.com/astral-sh/ty/releases/download/0.0.59/ty-x86_64-apple-darwin.tar.gz"
url_api = "https://api.github.com/repos/astral-sh/ty/releases/assets/474699001"
provenance = "github-attestations"

[tools.ty."platforms.windows-x64"]
checksum = "sha256:0e5ef0fd783ef5921259edd404dd4f000a75732660bf5247f70e6a3713efa55f"
url = "https://github.com/astral-sh/ty/releases/download/0.0.59/ty-x86_64-pc-windows-msvc.zip"
url_api = "https://api.github.com/repos/astral-sh/ty/releases/assets/474699003"
provenance = "github-attestations"

[[tools.usage]]
version = "3.5.4"
backend = "aqua:jdx/usage"

[tools.usage."platforms.linux-arm64"]
checksum = "sha256:6f826638194da61fc5f631a9ed25930ddc3746e8f9de97f218b36a3a899c196c"
url = "https://github.com/jdx/usage/releases/download/v3.5.4/usage-aarch64-unknown-linux-musl.tar.gz"
url_api = "https://api.github.com/repos/jdx/usage/releases/assets/468428362"

[tools.usage."platforms.linux-arm64-musl"]
checksum = "sha256:6f826638194da61fc5f631a9ed25930ddc3746e8f9de97f218b36a3a899c196c"
url = "https://github.com/jdx/usage/releases/download/v3.5.4/usage-aarch64-unknown-linux-musl.tar.gz"
url_api = "https://api.github.com/repos/jdx/usage/releases/assets/468428362"

[tools.usage."platforms.linux-x64"]
checksum = "sha256:642e6eb31e58db1f3cda206d0484685950a224825f5ed22eb9cc9a6d6ddbbb46"
url = "https://github.com/jdx/usage/releases/download/v3.5.4/usage-x86_64-unknown-linux-musl.tar.gz"
url_api = "https://api.github.com/repos/jdx/usage/releases/assets/468428453"

[tools.usage."platforms.linux-x64-musl"]
checksum = "sha256:642e6eb31e58db1f3cda206d0484685950a224825f5ed22eb9cc9a6d6ddbbb46"
url = "https://github.com/jdx/usage/releases/download/v3.5.4/usage-x86_64-unknown-linux-musl.tar.gz"
url_api = "https://api.github.com/repos/jdx/usage/releases/assets/468428453"

[tools.usage."platforms.macos-arm64"]
checksum = "sha256:25b0fff15f030f3c08caa960174b3fb9f85be601824744424a7409dcdf1ee37a"
url = "https://github.com/jdx/usage/releases/download/v3.5.4/usage-universal-apple-darwin.tar.gz"
url_api = "https://api.github.com/repos/jdx/usage/releases/assets/468433769"

[tools.usage."platforms.macos-x64"]
checksum = "sha256:25b0fff15f030f3c08caa960174b3fb9f85be601824744424a7409dcdf1ee37a"
url = "https://github.com/jdx/usage/releases/download/v3.5.4/usage-universal-apple-darwin.tar.gz"
url_api = "https://api.github.com/repos/jdx/usage/releases/assets/468433769"

[tools.usage."platforms.windows-x64"]
checksum = "sha256:61dbc0aedc54696c6201d1e8f107348b30706a47e23a44c08280c3c7f63b6804"
url = "https://github.com/jdx/usage/releases/download/v3.5.4/usage-x86_64-pc-windows-msvc.zip"
url_api = "https://api.github.com/repos/jdx/usage/releases/assets/468428934"

[[tools.uv]]
version = "0.11.28"
backend = "aqua:astral-sh/uv"

[tools.uv."platforms.linux-arm64"]
checksum = "sha256:da10cdfa7d92212b7acb62021a0fd61bcf8580c58c3632ec915d10c3a1a7906b"
url = "https://github.com/astral-sh/uv/releases/download/0.11.28/uv-aarch64-unknown-linux-musl.tar.gz"
url_api = "https://api.github.com/repos/astral-sh/uv/releases/assets/469655715"
provenance = "github-attestations"

[tools.uv."platforms.linux-arm64-musl"]
checksum = "sha256:da10cdfa7d92212b7acb62021a0fd61bcf8580c58c3632ec915d10c3a1a7906b"
url = "https://github.com/astral-sh/uv/releases/download/0.11.28/uv-aarch64-unknown-linux-musl.tar.gz"
url_api = "https://api.github.com/repos/astral-sh/uv/releases/assets/469655715"
provenance = "github-attestations"

[tools.uv."platforms.linux-x64"]
checksum = "sha256:f02146b371c35c287d860f003ece7345c86e358a3fd70a9b63700cd141ee7fb4"
url = "https://github.com/astral-sh/uv/releases/download/0.11.28/uv-x86_64-unknown-linux-musl.tar.gz"
url_api = "https://api.github.com/repos/astral-sh/uv/releases/assets/469655835"
provenance = "github-attestations"

[tools.uv."platforms.linux-x64-musl"]
checksum = "sha256:f02146b371c35c287d860f003ece7345c86e358a3fd70a9b63700cd141ee7fb4"
url = "https://github.com/astral-sh/uv/releases/download/0.11.28/uv-x86_64-unknown-linux-musl.tar.gz"
url_api = "https://api.github.com/repos/astral-sh/uv/releases/assets/469655835"
provenance = "github-attestations"

[tools.uv."platforms.macos-arm64"]
checksum = "sha256:33540eb7c883ab857eff79bd5ac2aa31fe27b595abecb4a9c003a2c998447232"
url = "https://github.com/astral-sh/uv/releases/download/0.11.28/uv-aarch64-apple-darwin.tar.gz"
url_api = "https://api.github.com/repos/astral-sh/uv/releases/assets/469655699"
provenance = "github-attestations"

[tools.uv."platforms.macos-x64"]
checksum = "sha256:2ad79983127ffca7d77b77ce6a24278d7e4f7b817a1acf72fea5f8124b4aac5e"
url = "https://github.com/astral-sh/uv/releases/download/0.11.28/uv-x86_64-apple-darwin.tar.gz"
url_api = "https://api.github.com/repos/astral-sh/uv/releases/assets/469655811"
provenance = "github-attestations"

[tools.uv."platforms.windows-x64"]
checksum = "sha256:0a23463216d09c6a72ff80ef5dc5a795f07dc1575cb84d24596c2f124a441b7b"
url = "https://github.com/astral-sh/uv/releases/download/0.11.28/uv-x86_64-pc-windows-msvc.zip"
url_api = "https://api.github.com/repos/astral-sh/uv/releases/assets/469655815"
provenance = "github-attestations"

[[tools.yq]]
version = "4.53.3"
backend = "aqua:mikefarah/yq"

[tools.yq."platforms.linux-arm64"]
checksum = "sha256:578648e463a11c1b6db6010cbf41eafed6bee79466fcffa1bb446672cf7945ea"
url = "https://github.com/mikefarah/yq/releases/download/v4.53.3/yq_linux_arm64"

[tools.yq."platforms.linux-arm64-musl"]
checksum = "sha256:578648e463a11c1b6db6010cbf41eafed6bee79466fcffa1bb446672cf7945ea"
url = "https://github.com/mikefarah/yq/releases/download/v4.53.3/yq_linux_arm64"

[tools.yq."platforms.linux-x64"]
checksum = "sha256:fa52a4e758c63d38299163fbdd1edfb4c4963247918bf9c1c5d31d84789eded4"
url = "https://github.com/mikefarah/yq/releases/download/v4.53.3/yq_linux_amd64"

[tools.yq."platforms.linux-x64-musl"]
checksum = "sha256:fa52a4e758c63d38299163fbdd1edfb4c4963247918bf9c1c5d31d84789eded4"
url = "https://github.com/mikefarah/yq/releases/download/v4.53.3/yq_linux_amd64"

[tools.yq."platforms.macos-arm64"]
checksum = "sha256:877de31753a4dd2401aa048937aa9a7fc4d5f6ce858cf31508c5802954297213"
url = "https://github.com/mikefarah/yq/releases/download/v4.53.3/yq_darwin_arm64"

[tools.yq."platforms.macos-x64"]
checksum = "sha256:b4ba1ecce3c47f00803f4f964de38394326c7a32eb6540616e04fb2935a0f08d"
url = "https://github.com/mikefarah/yq/releases/download/v4.53.3/yq_darwin_amd64"

[tools.yq."platforms.windows-x64"]
checksum = "sha256:e279bc506a452eeafcdf364f91a025455e402a8001169083caf01f4b64a544e2"
url = "https://github.com/mikefarah/yq/releases/download/v4.53.3/yq_windows_amd64.exe"
